
Microsoft Visual Studio Solution File, Format Version 12.00
# Visual Studio 14
VisualStudioVersion = 14.0.25420.1
MinimumVisualStudioVersion = 10.0.40219.1
Project("{FAE04EC0-301F-11D3-BF4B-00C04F79EFBC}") = "ExpressionsAndIQueryable", "Expressions and IQueryable\Expressions and IQueryable\ExpressionsAndIQueryable.csproj", "{A22B7A74-3FCA-47AE-B3DF-DF88DDDA5FE7}"
EndProject
Project("{FAE04EC0-301F-11D3-BF4B-00C04F79EFBC}") = "ExpressionsAndIQueryable.Tests", "Expressions and IQueryable\Expressions and IQueryable.Tests\ExpressionsAndIQueryable.Tests.csproj", "{B238F9D6-E028-4492-8C8B-F5867ECF03A9}"
EndProject
Project("{2150E333-8FDC-42A3-9474-1A3956D46DE8}") = "Expressions and IQueryables", "Expressions and IQueryables", "{1CEEB587-9AC6-4E08-8F7B-4855024B5D48}"
	ProjectSection(SolutionItems) = preProject
		Expressions and IQueryable\README.md = Expressions and IQueryable\README.md
	EndProjectSection
EndProject
Project("{2150E333-8FDC-42A3-9474-1A3956D46DE8}") = "Advanced XML", "Advanced XML", "{4C4EB208-B345-422F-B079-1ECAB1DDA0EE}"
	ProjectSection(SolutionItems) = preProject
		Advanced XML\book.xsd = Advanced XML\book.xsd
		Advanced XML\books.xml = Advanced XML\books.xml
		Advanced XML\Readme.md = Advanced XML\Readme.md
		Advanced XML\xmlToAtom.xslt = Advanced XML\xmlToAtom.xslt
		Advanced XML\xmlToHTMLReport.xslt = Advanced XML\xmlToHTMLReport.xslt
	EndProjectSection
EndProject
Project("{FAE04EC0-301F-11D3-BF4B-00C04F79EFBC}") = "AdvancedXML", "Advanced XML\AdvancedXML\AdvancedXML.csproj", "{ABDE9573-3B68-497B-A1C3-EF80743722DE}"
EndProject
Project("{FAE04EC0-301F-11D3-BF4B-00C04F79EFBC}") = "AdvancedXML.Tests", "Advanced XML\AdvancedXML.Tests\AdvancedXML.Tests.csproj", "{273F3E94-A990-4BA9-A41C-26123A83A1A1}"
EndProject
Project("{FAE04EC0-301F-11D3-BF4B-00C04F79EFBC}") = "InteroperatingWithUnmanagedCode", "Interoperating with Unmanaged Code\InteroperatingWithUnmanagedCode\InteroperatingWithUnmanagedCode.csproj", "{F45EB9E2-98BF-48F7-AA42-F0240573163D}"
EndProject
Project("{2150E333-8FDC-42A3-9474-1A3956D46DE8}") = "Interoperating with Unmanaged Code", "Interoperating with Unmanaged Code", "{C8F7E2D1-C229-4674-8E68-038F5917119C}"
	ProjectSection(SolutionItems) = preProject
		Interoperating with Unmanaged Code\certificate.pfx = Interoperating with Unmanaged Code\certificate.pfx
		Interoperating with Unmanaged Code\PowerStateManager.vbs = Interoperating with Unmanaged Code\PowerStateManager.vbs
		Interoperating with Unmanaged Code\Readme.md = Interoperating with Unmanaged Code\Readme.md
		Interoperating with Unmanaged Code\registerComAssembly.cmd = Interoperating with Unmanaged Code\registerComAssembly.cmd
	EndProjectSection
EndProject
Project("{FAE04EC0-301F-11D3-BF4B-00C04F79EFBC}") = "InteroperatingWithUnmanagedCode.Tests", "Interoperating with Unmanaged Code\InteroperatingWithUnmanagedCode.Tests\InteroperatingWithUnmanagedCode.Tests.csproj", "{91A4396B-097A-4F61-93E1-16FC287F9726}"
EndProject
Project("{FAE04EC0-301F-11D3-BF4B-00C04F79EFBC}") = "InteroperatingWithUnmanagedCode.COM", "Interoperating with Unmanaged Code\InteroperatingWithUnmanagedCode.COM\InteroperatingWithUnmanagedCode.COM.csproj", "{732FE675-68AC-4F6C-9503-EA33C7D0E9BE}"
EndProject
Project("{2150E333-8FDC-42A3-9474-1A3956D46DE8}") = "Windows Services", "Windows Services", "{F37C6568-B093-45C4-983B-58B547400AE9}"
	ProjectSection(SolutionItems) = preProject
		Windows Services\Readme.md = Windows Services\Readme.md
	EndProjectSection
EndProject
Project("{FAE04EC0-301F-11D3-BF4B-00C04F79EFBC}") = "PhotoProcessingService", "Windows Services\PhotoProcessingService\PhotoProcessingService.csproj", "{9C069AC0-22DE-4F50-A42F-E659D5246C47}"
EndProject
Project("{2150E333-8FDC-42A3-9474-1A3956D46DE8}") = "Message Queues", "Message Queues", "{8E1AE77A-F69B-4288-AC95-9A291EF16532}"
	ProjectSection(SolutionItems) = preProject
		Message Queues\Readme.md = Message Queues\Readme.md
	EndProjectSection
EndProject
Project("{FAE04EC0-301F-11D3-BF4B-00C04F79EFBC}") = "Server", "Message Queues\Server\Server.csproj", "{A881E7E2-735F-44F8-8EBA-D644FA725A37}"
EndProject
Project("{FAE04EC0-301F-11D3-BF4B-00C04F79EFBC}") = "PhotoProcessingService", "Message Queues\PhotoProcessingService\PhotoProcessingService.csproj", "{3F8911CC-81AC-4508-B877-2E7D04ABC7BA}"
EndProject
Project("{FAE04EC0-301F-11D3-BF4B-00C04F79EFBC}") = "Shared", "Message Queues\Shared\Shared.csproj", "{03C1483E-656B-4EAB-B757-CBC0288EDF10}"
EndProject
Project("{2150E333-8FDC-42A3-9474-1A3956D46DE8}") = "Profiling", "Profiling", "{285712D3-B3F3-45D0-A8D8-8C1BFC32E001}"
	ProjectSection(SolutionItems) = preProject
		Profiling\Readme.md = Profiling\Readme.md
	EndProjectSection
EndProject
Project("{FAE04EC0-301F-11D3-BF4B-00C04F79EFBC}") = "ProfileSample", "Profiling\ProfileSample\ProfileSample\ProfileSample.csproj", "{FF559A2F-212A-4C6B-8408-4C44C49E321D}"
EndProject
Project("{FAE04EC0-301F-11D3-BF4B-00C04F79EFBC}") = "GameOfLife", "Profiling\GameOfLife\GameOfLife\GameOfLife.csproj", "{BDFD7BAE-9744-44C4-8259-B3757F24B245}"
EndProject
Project("{2150E333-8FDC-42A3-9474-1A3956D46DE8}") = "Debugging", "Debugging", "{54EEFB22-7764-47E2-95D1-73DEE3037716}"
	ProjectSection(SolutionItems) = preProject
		Debugging\CrackMe.exe = Debugging\CrackMe.exe
		Debugging\README.md = Debugging\README.md
	EndProjectSection
EndProject
Project("{FAE04EC0-301F-11D3-BF4B-00C04F79EFBC}") = "Keygen", "Debugging\Keygen\Keygen.csproj", "{E59F85B8-C83D-427A-A50E-3F7AA204A26F}"
EndProject
Global
	GlobalSection(SolutionConfigurationPlatforms) = preSolution
		Debug|Any CPU = Debug|Any CPU
		Release|Any CPU = Release|Any CPU
	EndGlobalSection
	GlobalSection(ProjectConfigurationPlatforms) = postSolution
		{A22B7A74-3FCA-47AE-B3DF-DF88DDDA5FE7}.Debug|Any CPU.ActiveCfg = Debug|Any CPU
		{A22B7A74-3FCA-47AE-B3DF-DF88DDDA5FE7}.Debug|Any CPU.Build.0 = Debug|Any CPU
		{A22B7A74-3FCA-47AE-B3DF-DF88DDDA5FE7}.Release|Any CPU.ActiveCfg = Release|Any CPU
		{A22B7A74-3FCA-47AE-B3DF-DF88DDDA5FE7}.Release|Any CPU.Build.0 = Release|Any CPU
		{B238F9D6-E028-4492-8C8B-F5867ECF03A9}.Debug|Any CPU.ActiveCfg = Debug|Any CPU
		{B238F9D6-E028-4492-8C8B-F5867ECF03A9}.Debug|Any CPU.Build.0 = Debug|Any CPU
		{B238F9D6-E028-4492-8C8B-F5867ECF03A9}.Release|Any CPU.ActiveCfg = Release|Any CPU
		{B238F9D6-E028-4492-8C8B-F5867ECF03A9}.Release|Any CPU.Build.0 = Release|Any CPU
		{ABDE9573-3B68-497B-A1C3-EF80743722DE}.Debug|Any CPU.ActiveCfg = Debug|Any CPU
		{ABDE9573-3B68-497B-A1C3-EF80743722DE}.Debug|Any CPU.Build.0 = Debug|Any CPU
		{ABDE9573-3B68-497B-A1C3-EF80743722DE}.Release|Any CPU.ActiveCfg = Release|Any CPU
		{ABDE9573-3B68-497B-A1C3-EF80743722DE}.Release|Any CPU.Build.0 = Release|Any CPU
		{273F3E94-A990-4BA9-A41C-26123A83A1A1}.Debug|Any CPU.ActiveCfg = Debug|Any CPU
		{273F3E94-A990-4BA9-A41C-26123A83A1A1}.Debug|Any CPU.Build.0 = Debug|Any CPU
		{273F3E94-A990-4BA9-A41C-26123A83A1A1}.Release|Any CPU.ActiveCfg = Release|Any CPU
		{273F3E94-A990-4BA9-A41C-26123A83A1A1}.Release|Any CPU.Build.0 = Release|Any CPU
		{F45EB9E2-98BF-48F7-AA42-F0240573163D}.Debug|Any CPU.ActiveCfg = Debug|Any CPU
		{F45EB9E2-98BF-48F7-AA42-F0240573163D}.Debug|Any CPU.Build.0 = Debug|Any CPU
		{F45EB9E2-98BF-48F7-AA42-F0240573163D}.Release|Any CPU.ActiveCfg = Release|Any CPU
		{F45EB9E2-98BF-48F7-AA42-F0240573163D}.Release|Any CPU.Build.0 = Release|Any CPU
		{91A4396B-097A-4F61-93E1-16FC287F9726}.Debug|Any CPU.ActiveCfg = Debug|Any CPU
		{91A4396B-097A-4F61-93E1-16FC287F9726}.Debug|Any CPU.Build.0 = Debug|Any CPU
		{91A4396B-097A-4F61-93E1-16FC287F9726}.Release|Any CPU.ActiveCfg = Release|Any CPU
		{91A4396B-097A-4F61-93E1-16FC287F9726}.Release|Any CPU.Build.0 = Release|Any CPU
		{732FE675-68AC-4F6C-9503-EA33C7D0E9BE}.Debug|Any CPU.ActiveCfg = Debug|Any CPU
		{732FE675-68AC-4F6C-9503-EA33C7D0E9BE}.Debug|Any CPU.Build.0 = Debug|Any CPU
		{732FE675-68AC-4F6C-9503-EA33C7D0E9BE}.Release|Any CPU.ActiveCfg = Release|Any CPU
		{732FE675-68AC-4F6C-9503-EA33C7D0E9BE}.Release|Any CPU.Build.0 = Release|Any CPU
		{9C069AC0-22DE-4F50-A42F-E659D5246C47}.Debug|Any CPU.ActiveCfg = Debug|Any CPU
		{9C069AC0-22DE-4F50-A42F-E659D5246C47}.Debug|Any CPU.Build.0 = Debug|Any CPU
		{9C069AC0-22DE-4F50-A42F-E659D5246C47}.Release|Any CPU.ActiveCfg = Release|Any CPU
		{9C069AC0-22DE-4F50-A42F-E659D5246C47}.Release|Any CPU.Build.0 = Release|Any CPU
		{A881E7E2-735F-44F8-8EBA-D644FA725A37}.Debug|Any CPU.ActiveCfg = Debug|Any CPU
		{A881E7E2-735F-44F8-8EBA-D644FA725A37}.Debug|Any CPU.Build.0 = Debug|Any CPU
		{A881E7E2-735F-44F8-8EBA-D644FA725A37}.Release|Any CPU.ActiveCfg = Release|Any CPU
		{A881E7E2-735F-44F8-8EBA-D644FA725A37}.Release|Any CPU.Build.0 = Release|Any CPU
		{3F8911CC-81AC-4508-B877-2E7D04ABC7BA}.Debug|Any CPU.ActiveCfg = Debug|Any CPU
		{3F8911CC-81AC-4508-B877-2E7D04ABC7BA}.Debug|Any CPU.Build.0 = Debug|Any CPU
		{3F8911CC-81AC-4508-B877-2E7D04ABC7BA}.Release|Any CPU.ActiveCfg = Release|Any CPU
		{3F8911CC-81AC-4508-B877-2E7D04ABC7BA}.Release|Any CPU.Build.0 = Release|Any CPU
		{03C1483E-656B-4EAB-B757-CBC0288EDF10}.Debug|Any CPU.ActiveCfg = Debug|Any CPU
		{03C1483E-656B-4EAB-B757-CBC0288EDF10}.Debug|Any CPU.Build.0 = Debug|Any CPU
		{03C1483E-656B-4EAB-B757-CBC0288EDF10}.Release|Any CPU.ActiveCfg = Release|Any CPU
		{03C1483E-656B-4EAB-B757-CBC0288EDF10}.Release|Any CPU.Build.0 = Release|Any CPU
		{FF559A2F-212A-4C6B-8408-4C44C49E321D}.Debug|Any CPU.ActiveCfg = Debug|Any CPU
		{FF559A2F-212A-4C6B-8408-4C44C49E321D}.Debug|Any CPU.Build.0 = Debug|Any CPU
		{FF559A2F-212A-4C6B-8408-4C44C49E321D}.Release|Any CPU.ActiveCfg = Release|Any CPU
		{FF559A2F-212A-4C6B-8408-4C44C49E321D}.Release|Any CPU.Build.0 = Release|Any CPU
		{BDFD7BAE-9744-44C4-8259-B3757F24B245}.Debug|Any CPU.ActiveCfg = Debug|Any CPU
		{BDFD7BAE-9744-44C4-8259-B3757F24B245}.Debug|Any CPU.Build.0 = Debug|Any CPU
		{BDFD7BAE-9744-44C4-8259-B3757F24B245}.Release|Any CPU.ActiveCfg = Release|Any CPU
		{BDFD7BAE-9744-44C4-8259-B3757F24B245}.Release|Any CPU.Build.0 = Release|Any CPU
		{E59F85B8-C83D-427A-A50E-3F7AA204A26F}.Debug|Any CPU.ActiveCfg = Debug|Any CPU
		{E59F85B8-C83D-427A-A50E-3F7AA204A26F}.Debug|Any CPU.Build.0 = Debug|Any CPU
		{E59F85B8-C83D-427A-A50E-3F7AA204A26F}.Release|Any CPU.ActiveCfg = Release|Any CPU
		{E59F85B8-C83D-427A-A50E-3F7AA204A26F}.Release|Any CPU.Build.0 = Release|Any CPU
	EndGlobalSection
	GlobalSection(SolutionProperties) = preSolution
		HideSolutionNode = FALSE
	EndGlobalSection
	GlobalSection(NestedProjects) = preSolution
		{A22B7A74-3FCA-47AE-B3DF-DF88DDDA5FE7} = {1CEEB587-9AC6-4E08-8F7B-4855024B5D48}
		{B238F9D6-E028-4492-8C8B-F5867ECF03A9} = {1CEEB587-9AC6-4E08-8F7B-4855024B5D48}
		{ABDE9573-3B68-497B-A1C3-EF80743722DE} = {4C4EB208-B345-422F-B079-1ECAB1DDA0EE}
		{273F3E94-A990-4BA9-A41C-26123A83A1A1} = {4C4EB208-B345-422F-B079-1ECAB1DDA0EE}
		{F45EB9E2-98BF-48F7-AA42-F0240573163D} = {C8F7E2D1-C229-4674-8E68-038F5917119C}
		{91A4396B-097A-4F61-93E1-16FC287F9726} = {C8F7E2D1-C229-4674-8E68-038F5917119C}
		{732FE675-68AC-4F6C-9503-EA33C7D0E9BE} = {C8F7E2D1-C229-4674-8E68-038F5917119C}
		{9C069AC0-22DE-4F50-A42F-E659D5246C47} = {F37C6568-B093-45C4-983B-58B547400AE9}
		{A881E7E2-735F-44F8-8EBA-D644FA725A37} = {8E1AE77A-F69B-4288-AC95-9A291EF16532}
		{3F8911CC-81AC-4508-B877-2E7D04ABC7BA} = {8E1AE77A-F69B-4288-AC95-9A291EF16532}
		{03C1483E-656B-4EAB-B757-CBC0288EDF10} = {8E1AE77A-F69B-4288-AC95-9A291EF16532}
		{FF559A2F-212A-4C6B-8408-4C44C49E321D} = {285712D3-B3F3-45D0-A8D8-8C1BFC32E001}
		{BDFD7BAE-9744-44C4-8259-B3757F24B245} = {285712D3-B3F3-45D0-A8D8-8C1BFC32E001}
		{E59F85B8-C83D-427A-A50E-3F7AA204A26F} = {54EEFB22-7764-47E2-95D1-73DEE3037716}
	EndGlobalSection
EndGlobal
