
Microsoft Visual Studio Solution File, Format Version 12.00
# Visual Studio 14
VisualStudioVersion = 14.0.25420.1
MinimumVisualStudioVersion = 10.0.40219.1
Project("{FAE04EC0-301F-11D3-BF4B-00C04F79EFBC}") = "ExpressionsAndIQueryable", "Expressions and IQueryable\Expressions and IQueryable\ExpressionsAndIQueryable.csproj", "{A22B7A74-3FCA-47AE-B3DF-DF88DDDA5FE7}"
EndProject
Project("{FAE04EC0-301F-11D3-BF4B-00C04F79EFBC}") = "ExpressionsAndIQueryable.Tests", "Expressions and IQueryable\Expressions and IQueryable.Tests\ExpressionsAndIQueryable.Tests.csproj", "{B238F9D6-E028-4492-8C8B-F5867ECF03A9}"
EndProject
Project("{2150E333-8FDC-42A3-9474-1A3956D46DE8}") = "Expressions and IQueryables", "Expressions and IQueryables", "{1CEEB587-9AC6-4E08-8F7B-4855024B5D48}"
EndProject
Project("{2150E333-8FDC-42A3-9474-1A3956D46DE8}") = "Advanced XML", "Advanced XML", "{4C4EB208-B345-422F-B079-1ECAB1DDA0EE}"
	ProjectSection(SolutionItems) = preProject
		Advanced XML\book.xsd = Advanced XML\book.xsd
		Advanced XML\books.xml = Advanced XML\books.xml
		Advanced XML\Readme.md = Advanced XML\Readme.md
		Advanced XML\xmlToAtom.xslt = Advanced XML\xmlToAtom.xslt
	EndProjectSection
EndProject
Project("{FAE04EC0-301F-11D3-BF4B-00C04F79EFBC}") = "AdvancedXML", "Advanced XML\AdvancedXML\AdvancedXML.csproj", "{ABDE9573-3B68-497B-A1C3-EF80743722DE}"
EndProject
Project("{FAE04EC0-301F-11D3-BF4B-00C04F79EFBC}") = "AdvancedXML.Tests", "Advanced XML\AdvancedXML.Tests\AdvancedXML.Tests.csproj", "{273F3E94-A990-4BA9-A41C-26123A83A1A1}"
EndProject
Global
	GlobalSection(SolutionConfigurationPlatforms) = preSolution
		Debug|Any CPU = Debug|Any CPU
		Release|Any CPU = Release|Any CPU
	EndGlobalSection
	GlobalSection(ProjectConfigurationPlatforms) = postSolution
		{A22B7A74-3FCA-47AE-B3DF-DF88DDDA5FE7}.Debug|Any CPU.ActiveCfg = Debug|Any CPU
		{A22B7A74-3FCA-47AE-B3DF-DF88DDDA5FE7}.Debug|Any CPU.Build.0 = Debug|Any CPU
		{A22B7A74-3FCA-47AE-B3DF-DF88DDDA5FE7}.Release|Any CPU.ActiveCfg = Release|Any CPU
		{A22B7A74-3FCA-47AE-B3DF-DF88DDDA5FE7}.Release|Any CPU.Build.0 = Release|Any CPU
		{B238F9D6-E028-4492-8C8B-F5867ECF03A9}.Debug|Any CPU.ActiveCfg = Debug|Any CPU
		{B238F9D6-E028-4492-8C8B-F5867ECF03A9}.Debug|Any CPU.Build.0 = Debug|Any CPU
		{B238F9D6-E028-4492-8C8B-F5867ECF03A9}.Release|Any CPU.ActiveCfg = Release|Any CPU
		{B238F9D6-E028-4492-8C8B-F5867ECF03A9}.Release|Any CPU.Build.0 = Release|Any CPU
		{ABDE9573-3B68-497B-A1C3-EF80743722DE}.Debug|Any CPU.ActiveCfg = Debug|Any CPU
		{ABDE9573-3B68-497B-A1C3-EF80743722DE}.Debug|Any CPU.Build.0 = Debug|Any CPU
		{ABDE9573-3B68-497B-A1C3-EF80743722DE}.Release|Any CPU.ActiveCfg = Release|Any CPU
		{ABDE9573-3B68-497B-A1C3-EF80743722DE}.Release|Any CPU.Build.0 = Release|Any CPU
		{273F3E94-A990-4BA9-A41C-26123A83A1A1}.Debug|Any CPU.ActiveCfg = Debug|Any CPU
		{273F3E94-A990-4BA9-A41C-26123A83A1A1}.Debug|Any CPU.Build.0 = Debug|Any CPU
		{273F3E94-A990-4BA9-A41C-26123A83A1A1}.Release|Any CPU.ActiveCfg = Release|Any CPU
		{273F3E94-A990-4BA9-A41C-26123A83A1A1}.Release|Any CPU.Build.0 = Release|Any CPU
	EndGlobalSection
	GlobalSection(SolutionProperties) = preSolution
		HideSolutionNode = FALSE
	EndGlobalSection
	GlobalSection(NestedProjects) = preSolution
		{A22B7A74-3FCA-47AE-B3DF-DF88DDDA5FE7} = {1CEEB587-9AC6-4E08-8F7B-4855024B5D48}
		{B238F9D6-E028-4492-8C8B-F5867ECF03A9} = {1CEEB587-9AC6-4E08-8F7B-4855024B5D48}
		{ABDE9573-3B68-497B-A1C3-EF80743722DE} = {4C4EB208-B345-422F-B079-1ECAB1DDA0EE}
		{273F3E94-A990-4BA9-A41C-26123A83A1A1} = {4C4EB208-B345-422F-B079-1ECAB1DDA0EE}
	EndGlobalSection
EndGlobal
